{
  "name": "weekly-feedback-form-evaluator",
  "version": "1.0.0",
  "lockfileVersion": 1,
  "requires": true,
  "dependencies": {
    "@types/google-apps-script": {
      "version": "0.0.33",
      "resolved": "https://registry.npmjs.org/@types/google-apps-script/-/google-apps-script-0.0.33.tgz",
      "integrity": "sha512-z2D8jUsqxWMteUCJhPIz+zdAZQFS2MGX04M5Q2R7rdN2XYh7kv3eIjJYrpLgR58wtcDGLrIiai8b6zdQkYYP7w==",
      "dev": true
    }
  }
}
